// !$*UTF8*$!
{
	archiveVersion = 1;
	classes = {
	};
	objectVersion = 50;
	objects = {

/* Begin PBXBuildFile section */
		26A0AAD6256A444E0067F40A /* AppDelegate.swift in Sources */ = {isa = PBXBuildFile; fileRef = 26A0AAD5256A444E0067F40A /* AppDelegate.swift */; };
		26A0AAD8256A444E0067F40A /* SceneDelegate.swift in Sources */ = {isa = PBXBuildFile; fileRef = 26A0AAD7256A444E0067F40A /* SceneDelegate.swift */; };
		26A0AADA256A444E0067F40A /* ViewController.swift in Sources */ = {isa = PBXBuildFile; fileRef = 26A0AAD9256A444E0067F40A /* ViewController.swift */; };
		26A0AADD256A444E0067F40A /* Main.storyboard in Resources */ = {isa = PBXBuildFile; fileRef = 26A0AADB256A444E0067F40A /* Main.storyboard */; };
		26A0AADF256A444F0067F40A /* Assets.xcassets in Resources */ = {isa = PBXBuildFile; fileRef = 26A0AADE256A444F0067F40A /* Assets.xcassets */; };
		26A0AAE2256A444F0067F40A /* LaunchScreen.storyboard in Resources */ = {isa = PBXBuildFile; fileRef = 26A0AAE0256A444F0067F40A /* LaunchScreen.storyboard */; };
		26C3B263256A612F0045A0FC /* Notas.framework in Frameworks */ = {isa = PBXBuildFile; fileRef = 26C3B262256A612F0045A0FC /* Notas.framework */; };
/* End PBXBuildFile section */

/* Begin PBXFileReference section */
		26A0AAD2256A444E0067F40A /* Notas-Demo.app */ = {isa = PBXFileReference; explicitFileType = wrapper.application; includeInIndex = 0; path = "Notas-Demo.app"; sourceTree = BUILT_PRODUCTS_DIR; };
		26A0AAD5256A444E0067F40A /* AppDelegate.swift */ = {isa = PBXFileReference; lastKnownFileType = sourcecode.swift; path = AppDelegate.swift; sourceTree = "<group>"; };
		26A0AAD7256A444E0067F40A /* SceneDelegate.swift */ = {isa = PBXFileReference; lastKnownFileType = sourcecode.swift; path = SceneDelegate.swift; sourceTree = "<group>"; };
		26A0AAD9256A444E0067F40A /* ViewController.swift */ = {isa = PBXFileReference; lastKnownFileType = sourcecode.swift; path = ViewController.swift; sourceTree = "<group>"; };
		26A0AADC256A444E0067F40A /* Base */ = {isa = PBXFileReference; lastKnownFileType = file.storyboard; name = Base; path = Base.lproj/Main.storyboard; sourceTree = "<group>"; };
		26A0AADE256A444F0067F40A /* Assets.xcassets */ = {isa = PBXFileReference; lastKnownFileType = folder.assetcatalog; path = Assets.xcassets; sourceTree = "<group>"; };
		26A0AAE1256A444F0067F40A /* Base */ = {isa = PBXFileReference; lastKnownFileType = file.storyboard; name = Base; path = Base.lproj/LaunchScreen.storyboard; sourceTree = "<group>"; };
		26A0AAE3256A444F0067F40A /* Info.plist */ = {isa = PBXFileReference; lastKnownFileType = text.plist.xml; path = Info.plist; sourceTree = "<group>"; };
		26A0AAEC256A444F0067F40A /* Notas_DemoTests.swift */ = {isa = PBXFileReference; lastKnownFileType = sourcecode.swift; path = Notas_DemoTests.swift; sourceTree = "<group>"; };
		26A0AAEE256A444F0067F40A /* Info.plist */ = {isa = PBXFileReference; lastKnownFileType = text.plist.xml; path = Info.plist; sourceTree = "<group>"; };
		26A0AAF7256A444F0067F40A /* Notas_DemoUITests.swift */ = {isa = PBXFileReference; lastKnownFileType = sourcecode.swift; path = Notas_DemoUITests.swift; sourceTree = "<group>"; };
		26A0AAF9256A444F0067F40A /* Info.plist */ = {isa = PBXFileReference; lastKnownFileType = text.plist.xml; path = Info.plist; sourceTree = "<group>"; };
		26C3B262256A612F0045A0FC /* Notas.framework */ = {isa = PBXFileReference; explicitFileType = wrapper.framework; path = Notas.framework; sourceTree = BUILT_PRODUCTS_DIR; };
/* End PBXFileReference section */

/* Begin PBXFrameworksBuildPhase section */
		26A0AACF256A444E0067F40A /* Frameworks */ = {
			isa = PBXFrameworksBuildPhase;
			buildActionMask = 2147483647;
			files = (
				26C3B263256A612F0045A0FC /* Notas.framework in Frameworks */,
			);
			runOnlyForDeploymentPostprocessing = 0;
		};
/* End PBXFrameworksBuildPhase section */

/* Begin PBXGroup section */
		26A0AAC9256A444E0067F40A = {
			isa = PBXGroup;
			children = (
				26A0AAD4256A444E0067F40A /* Notas-Demo */,
				26A0AAEB256A444F0067F40A /* Notas-DemoTests */,
				26A0AAF6256A444F0067F40A /* Notas-DemoUITests */,
				26A0AAD3256A444E0067F40A /* Products */,
				26C3B261256A612F0045A0FC /* Frameworks */,
			);
			sourceTree = "<group>";
		};
		26A0AAD3256A444E0067F40A /* Products */ = {
			isa = PBXGroup;
			children = (
				26A0AAD2256A444E0067F40A /* Notas-Demo.app */,
			);
			name = Products;
			sourceTree = "<group>";
		};
		26A0AAD4256A444E0067F40A /* Notas-Demo */ = {
			isa = PBXGroup;
			children = (
				26A0AAD5256A444E0067F40A /* AppDelegate.swift */,
				26A0AAD7256A444E0067F40A /* SceneDelegate.swift */,
				26A0AAD9256A444E0067F40A /* ViewController.swift */,
				26A0AADB256A444E0067F40A /* Main.storyboard */,
				26A0AADE256A444F0067F40A /* Assets.xcassets */,
				26A0AAE0256A444F0067F40A /* LaunchScreen.storyboard */,
				26A0AAE3256A444F0067F40A /* Info.plist */,
			);
			path = "Notas-Demo";
			sourceTree = "<group>";
		};
		26A0AAEB256A444F0067F40A /* Notas-DemoTests */ = {
			isa = PBXGroup;
			children = (
				26A0AAEC256A444F0067F40A /* Notas_DemoTests.swift */,
				26A0AAEE256A444F0067F40A /* Info.plist */,
			);
			path = "Notas-DemoTests";
			sourceTree = "<group>";
		};
		26A0AAF6256A444F0067F40A /* Notas-DemoUITests */ = {
			isa = PBXGroup;
			children = (
				26A0AAF7256A444F0067F40A /* Notas_DemoUITests.swift */,
				26A0AAF9256A444F0067F40A /* Info.plist */,
			);
			path = "Notas-DemoUITests";
			sourceTree = "<group>";
		};
		26C3B261256A612F0045A0FC /* Frameworks */ = {
			isa = PBXGroup;
			children = (
				26C3B262256A612F0045A0FC /* Notas.framework */,
			);
			name = Frameworks;
			sourceTree = "<group>";
		};
/* End PBXGroup section */

/* Begin PBXNativeTarget section */
		26A0AAD1256A444E0067F40A /* Notas-Demo */ = {
			isa = PBXNativeTarget;
			buildConfigurationList = 26A0AAFC256A444F0067F40A /* Build configuration list for PBXNativeTarget "Notas-Demo" */;
			buildPhases = (
				26A0AACE256A444E0067F40A /* Sources */,
				26A0AACF256A444E0067F40A /* Frameworks */,
				26A0AAD0256A444E0067F40A /* Resources */,
			);
			buildRules = (
			);
			dependencies = (
			);
			name = "Notas-Demo";
			productName = "Notas-Demo";
			productReference = 26A0AAD2256A444E0067F40A /* Notas-Demo.app */;
			productType = "com.apple.product-type.application";
		};
/* End PBXNativeTarget section */

/* Begin PBXProject section */
		26A0AACA256A444E0067F40A /* Project object */ = {
			isa = PBXProject;
			attributes = {
				LastSwiftUpdateCheck = 1220;
				LastUpgradeCheck = 1220;
				TargetAttributes = {
					26A0AAD1256A444E0067F40A = {
						CreatedOnToolsVersion = 12.2;
					};
				};
			};
			buildConfigurationList = 26A0AACD256A444E0067F40A /* Build configuration list for PBXProject "Notas-Demo" */;
			compatibilityVersion = "Xcode 9.3";
			developmentRegion = en;
			hasScannedForEncodings = 0;
			knownRegions = (
				en,
				Base,
			);
			mainGroup = 26A0AAC9256A444E0067F40A;
			productRefGroup = 26A0AAD3256A444E0067F40A /* Products */;
			projectDirPath = "";
			projectRoot = "";
			targets = (
				26A0AAD1256A444E0067F40A /* Notas-Demo */,
			);
		};
/* End PBXProject section */

/* Begin PBXResourcesBuildPhase section */
		26A0AAD0256A444E0067F40A /* Resources */ = {
			isa = PBXResourcesBuildPhase;
			buildActionMask = 2147483647;
			files = (
				26A0AAE2256A444F0067F40A /* LaunchScreen.storyboard in Resources */,
				26A0AADF256A444F0067F40A /* Assets.xcassets in Resources */,
				26A0AADD256A444E0067F40A /* Main.storyboard in Resources */,
			);
			runOnlyForDeploymentPostprocessing = 0;
		};
/* End PBXResourcesBuildPhase section */

/* Begin PBXSourcesBuildPhase section */
		26A0AACE256A444E0067F40A /* Sources */ = {
			isa = PBXSourcesBuildPhase;
			buildActionMask = 2147483647;
			files = (
				26A0AADA256A444E0067F40A /* ViewController.swift in Sources */,
				26A0AAD6256A444E0067F40A /* AppDelegate.swift in Sources */,
				26A0AAD8256A444E0067F40A /* SceneDelegate.swift in Sources */,
			);
			runOnlyForDeploymentPostprocessing = 0;
		};
/* End PBXSourcesBuildPhase section */

/* Begin PBXVariantGroup section */
		26A0AADB256A444E0067F40A /* Main.storyboard */ = {
			isa = PBXVariantGroup;
			children = (
				26A0AADC256A444E0067F40A /* Base */,
			);
			name = Main.storyboard;
			sourceTree = "<group>";
		};
		26A0AAE0256A444F0067F40A /* LaunchScreen.storyboard */ = {
			isa = PBXVariantGroup;
			children = (
				26A0AAE1256A444F0067F40A /* Base */,
			);
			name = LaunchScreen.storyboard;
			sourceTree = "<group>";
		};
/* End PBXVariantGroup section */

/* Begin XCBuildConfiguration section */
		26A0AAFA256A444F0067F40A /* Debug */ = {
			isa = XCBuildConfiguration;
			buildSettings = {
				ALWAYS_SEARCH_USER_PATHS = NO;
				CLANG_ANALYZER_NONNULL = YES;
				CLANG_ANALYZER_NUMBER_OBJECT_CONVERSION = YES_AGGRESSIVE;
				CLANG_CXX_LANGUAGE_STANDARD = "gnu++14";
				CLANG_CXX_LIBRARY = "libc++";
				CLANG_ENABLE_MODULES = YES;
				CLANG_ENABLE_OBJC_ARC = YES;
				CLANG_ENABLE_OBJC_WEAK = YES;
				CLANG_WARN_BLOCK_CAPTURE_AUTORELEASING = YES;
				CLANG_WARN_BOOL_CONVERSION = YES;
				CLANG_WARN_COMMA = YES;
				CLANG_WARN_CONSTANT_CONVERSION = YES;
				CLANG_WARN_DEPRECATED_OBJC_IMPLEMENTATIONS = YES;
				CLANG_WARN_DIRECT_OBJC_ISA_USAGE = YES_ERROR;
				CLANG_WARN_DOCUMENTATION_COMMENTS = YES;
				CLANG_WARN_EMPTY_BODY = YES;
				CLANG_WARN_ENUM_CONVERSION = YES;
				CLANG_WARN_INFINITE_RECURSION = YES;
				CLANG_WARN_INT_CONVERSION = YES;
				CLANG_WARN_NON_LITERAL_NULL_CONVERSION = YES;
				CLANG_WARN_OBJC_IMPLICIT_RETAIN_SELF = YES;
				CLANG_WARN_OBJC_LITERAL_CONVERSION = YES;
				CLANG_WARN_OBJC_ROOT_CLASS = YES_ERROR;
				CLANG_WARN_QUOTED_INCLUDE_IN_FRAMEWORK_HEADER = YES;
				CLANG_WARN_RANGE_LOOP_ANALYSIS = YES;
				CLANG_WARN_STRICT_PROTOTYPES = YES;
				CLANG_WARN_SUSPICIOUS_MOVE = YES;
				CLANG_WARN_UNGUARDED_AVAILABILITY = YES_AGGRESSIVE;
				CLANG_WARN_UNREACHABLE_CODE = YES;
				CLANG_WARN__DUPLICATE_METHOD_MATCH = YES;
				COPY_PHASE_STRIP = NO;
				DEBUG_INFORMATION_FORMAT = dwarf;
				ENABLE_STRICT_OBJC_MSGSEND = YES;
				ENABLE_TESTABILITY = YES;
				GCC_C_LANGUAGE_STANDARD = gnu11;
				GCC_DYNAMIC_NO_PIC = NO;
				GCC_NO_COMMON_BLOCKS = YES;
				GCC_OPTIMIZATION_LEVEL = 0;
				GCC_PREPROCESSOR_DEFINITIONS = (
					"DEBUG=1",
					"$(inherited)",
				);
				GCC_WARN_64_TO_32_BIT_CONVERSION = YES;
				GCC_WARN_ABOUT_RETURN_TYPE = YES_ERROR;
				GCC_WARN_UNDECLARED_SELECTOR = YES;
				GCC_WARN_UNINITIALIZED_AUTOS = YES_AGGRESSIVE;
				GCC_WARN_UNUSED_FUNCTION = YES;
				GCC_WARN_UNUSED_VARIABLE = YES;
				IPHONEOS_DEPLOYMENT_TARGET = 14.2;
				MTL_ENABLE_DEBUG_INFO = INCLUDE_SOURCE;
				MTL_FAST_MATH = YES;
				ONLY_ACTIVE_ARCH = YES;
				SDKROOT = iphoneos;
				SWIFT_ACTIVE_COMPILATION_CONDITIONS = DEBUG;
				SWIFT_OPTIMIZATION_LEVEL = "-Onone";
			};
			name = Debug;
		};
		26A0AAFB256A444F0067F40A /* Release */ = {
			isa = XCBuildConfiguration;
			buildSettings = {
				ALWAYS_SEARCH_USER_PATHS = NO;
				CLANG_ANALYZER_NONNULL = YES;
				CLANG_ANALYZER_NUMBER_OBJECT_CONVERSION = YES_AGGRESSIVE;
				CLANG_CXX_LANGUAGE_STANDARD = "gnu++14";
				CLANG_CXX_LIBRARY = "libc++";
				CLANG_ENABLE_MODULES = YES;
				CLANG_ENABLE_OBJC_ARC = YES;
				CLANG_ENABLE_OBJC_WEAK = YES;
				CLANG_WARN_BLOCK_CAPTURE_AUTORELEASING = YES;
				CLANG_WARN_BOOL_CONVERSION = YES;
				CLANG_WARN_COMMA = YES;
				CLANG_WARN_CONSTANT_CONVERSION = YES;
				CLANG_WARN_DEPRECATED_OBJC_IMPLEMENTATIONS = YES;
				CLANG_WARN_DIRECT_OBJC_ISA_USAGE = YES_ERROR;
				CLANG_WARN_DOCUMENTATION_COMMENTS = YES;
				CLANG_WARN_EMPTY_BODY = YES;
				CLANG_WARN_ENUM_CONVERSION = YES;
				CLANG_WARN_INFINITE_RECURSION = YES;
				CLANG_WARN_INT_CONVERSION = YES;
				CLANG_WARN_NON_LITERAL_NULL_CONVERSION = YES;
				CLANG_WARN_OBJC_IMPLICIT_RETAIN_SELF = YES;
				CLANG_WARN_OBJC_LITERAL_CONVERSION = YES;
				CLANG_WARN_OBJC_ROOT_CLASS = YES_ERROR;
				CLANG_WARN_QUOTED_INCLUDE_IN_FRAMEWORK_HEADER = YES;
				CLANG_WARN_RANGE_LOOP_ANALYSIS = YES;
				CLANG_WARN_STRICT_PROTOTYPES = YES;
				CLANG_WARN_SUSPICIOUS_MOVE = YES;
				CLANG_WARN_UNGUARDED_AVAILABILITY = YES_AGGRESSIVE;
				CLANG_WARN_UNREACHABLE_CODE = YES;
				CLANG_WARN__DUPLICATE_METHOD_MATCH = YES;
				COPY_PHASE_STRIP = NO;
				DEBUG_INFORMATION_FORMAT = "dwarf-with-dsym";
				ENABLE_NS_ASSERTIONS = NO;
				ENABLE_STRICT_OBJC_MSGSEND = YES;
				GCC_C_LANGUAGE_STANDARD = gnu11;
				GCC_NO_COMMON_BLOCKS = YES;
				GCC_WARN_64_TO_32_BIT_CONVERSION = YES;
				GCC_WARN_ABOUT_RETURN_TYPE = YES_ERROR;
				GCC_WARN_UNDECLARED_SELECTOR = YES;
				GCC_WARN_UNINITIALIZED_AUTOS = YES_AGGRESSIVE;
				GCC_WARN_UNUSED_FUNCTION = YES;
				GCC_WARN_UNUSED_VARIABLE = YES;
				IPHONEOS_DEPLOYMENT_TARGET = 14.2;
				MTL_ENABLE_DEBUG_INFO = NO;
				MTL_FAST_MATH = YES;
				SDKROOT = iphoneos;
				SWIFT_COMPILATION_MODE = wholemodule;
				SWIFT_OPTIMIZATION_LEVEL = "-O";
				VALIDATE_PRODUCT = YES;
			};
			name = Release;
		};
		26A0AAFD256A444F0067F40A /* Debug */ = {
			isa = XCBuildConfiguration;
			buildSettings = {
				ASSETCATALOG_COMPILER_APPICON_NAME = AppIcon;
				ASSETCATALOG_COMPILER_GLOBAL_ACCENT_COLOR_NAME = AccentColor;
				CODE_SIGN_STYLE = Automatic;
				DEVELOPMENT_TEAM = UM33989U86;
				INFOPLIST_FILE = "Notas-Demo/Info.plist";
				LD_RUNPATH_SEARCH_PATHS = (
					"$(inherited)",
					"@executable_path/Frameworks",
				);
				PRODUCT_BUNDLE_IDENTIFIER = "com.unicorn.Notas-Demo";
				PRODUCT_NAME = "$(TARGET_NAME)";
				SWIFT_VERSION = 5.0;
				TARGETED_DEVICE_FAMILY = "1,2";
			};
			name = Debug;
		};
		26A0AAFE256A444F0067F40A /* Release */ = {
			isa = XCBuildConfiguration;
			buildSettings = {
				ASSETCATALOG_COMPILER_APPICON_NAME = AppIcon;
				ASSETCATALOG_COMPILER_GLOBAL_ACCENT_COLOR_NAME = AccentColor;
				CODE_SIGN_STYLE = Automatic;
				DEVELOPMENT_TEAM = UM33989U86;
				INFOPLIST_FILE = "Notas-Demo/Info.plist";
				LD_RUNPATH_SEARCH_PATHS = (
					"$(inherited)",
					"@executable_path/Frameworks",
				);
				PRODUCT_BUNDLE_IDENTIFIER = "com.unicorn.Notas-Demo";
				PRODUCT_NAME = "$(TARGET_NAME)";
				SWIFT_VERSION = 5.0;
				TARGETED_DEVICE_FAMILY = "1,2";
			};
			name = Release;
		};
/* End XCBuildConfiguration section */

/* Begin XCConfigurationList section */
		26A0AACD256A444E0067F40A /* Build configuration list for PBXProject "Notas-Demo" */ = {
			isa = XCConfigurationList;
			buildConfigurations = (
				26A0AAFA256A444F0067F40A /* Debug */,
				26A0AAFB256A444F0067F40A /* Release */,
			);
			defaultConfigurationIsVisible = 0;
			defaultConfigurationName = Release;
		};
		26A0AAFC256A444F0067F40A /* Build configuration list for PBXNativeTarget "Notas-Demo" */ = {
			isa = XCConfigurationList;
			buildConfigurations = (
				26A0AAFD256A444F0067F40A /* Debug */,
				26A0AAFE256A444F0067F40A /* Release */,
			);
			defaultConfigurationIsVisible = 0;
			defaultConfigurationName = Release;
		};
/* End XCConfigurationList section */
	};
	rootObject = 26A0AACA256A444E0067F40A /* Project object */;
}
